
Microsoft Visual Studio Solution File, Format Version 12.00
# Visual Studio 2013
VisualStudioVersion = 12.0.30723.0
MinimumVisualStudioVersion = 10.0.40219.1
Project("{FAE04EC0-301F-11D3-BF4B-00C04F79EFBC}") = "WildFireWeb", "WildFireWeb\WildFireWeb.csproj", "{9F6E4DD7-E0D5-49E9-886B-1438A4D290EE}"
EndProject
Global
	GlobalSection(SolutionConfigurationPlatforms) = preSolution
		Debug|Any CPU = Debug|Any CPU
		Release|Any CPU = Release|Any CPU
	EndGlobalSection
	GlobalSection(ProjectConfigurationPlatforms) = postSolution
		{9F6E4DD7-E0D5-49E9-886B-1438A4D290EE}.Debug|Any CPU.ActiveCfg = Debug|Any CPU
		{9F6E4DD7-E0D5-49E9-886B-1438A4D290EE}.Debug|Any CPU.Build.0 = Debug|Any CPU
		{9F6E4DD7-E0D5-49E9-886B-1438A4D290EE}.Release|Any CPU.ActiveCfg = Release|Any CPU
		{9F6E4DD7-E0D5-49E9-886B-1438A4D290EE}.Release|Any CPU.Build.0 = Release|Any CPU
	EndGlobalSection
	GlobalSection(SolutionProperties) = preSolution
		HideSolutionNode = FALSE
	EndGlobalSection
EndGlobal
